
Microsoft Visual Studio Solution File, Format Version 12.00
# Visual Studio 2013
VisualStudioVersion = 12.0.31101.0
MinimumVisualStudioVersion = 10.0.40219.1
Project("{FAE04EC0-301F-11D3-BF4B-00C04F79EFBC}") = "Group 2 Project", "Group 2 Project\Group 2 Project.csproj", "{0DE56A81-C296-410D-9801-DE3A612460FF}"
EndProject
Global
	GlobalSection(SolutionConfigurationPlatforms) = preSolution
		Debug|Any CPU = Debug|Any CPU
		Release|Any CPU = Release|Any CPU
	EndGlobalSection
	GlobalSection(ProjectConfigurationPlatforms) = postSolution
		{0DE56A81-C296-410D-9801-DE3A612460FF}.Debug|Any CPU.ActiveCfg = Debug|Any CPU
		{0DE56A81-C296-410D-9801-DE3A612460FF}.Debug|Any CPU.Build.0 = Debug|Any CPU
		{0DE56A81-C296-410D-9801-DE3A612460FF}.Release|Any CPU.ActiveCfg = Release|Any CPU
		{0DE56A81-C296-410D-9801-DE3A612460FF}.Release|Any CPU.Build.0 = Release|Any CPU
	EndGlobalSection
	GlobalSection(SolutionProperties) = preSolution
		HideSolutionNode = FALSE
	EndGlobalSection
EndGlobal
